
Microsoft Visual Studio Solution File, Format Version 12.00
# Visual Studio Version 16
VisualStudioVersion = 16.0.31005.135
MinimumVisualStudioVersion = 10.0.40219.1
Project("{FAE04EC0-301F-11D3-BF4B-00C04F79EFBC}") = "gerenciador-hashtags-twitter", "gerenciador-hashtags-twitter\gerenciador-hashtags-twitter.csproj", "{6C7B0685-3D0C-4ACA-A7AD-A88170D197B0}"
EndProject
Global
	GlobalSection(SolutionConfigurationPlatforms) = preSolution
		Debug|Any CPU = Debug|Any CPU
		Release|Any CPU = Release|Any CPU
	EndGlobalSection
	GlobalSection(ProjectConfigurationPlatforms) = postSolution
		{6C7B0685-3D0C-4ACA-A7AD-A88170D197B0}.Debug|Any CPU.ActiveCfg = Debug|Any CPU
		{6C7B0685-3D0C-4ACA-A7AD-A88170D197B0}.Debug|Any CPU.Build.0 = Debug|Any CPU
		{6C7B0685-3D0C-4ACA-A7AD-A88170D197B0}.Release|Any CPU.ActiveCfg = Release|Any CPU
		{6C7B0685-3D0C-4ACA-A7AD-A88170D197B0}.Release|Any CPU.Build.0 = Release|Any CPU
	EndGlobalSection
	GlobalSection(SolutionProperties) = preSolution
		HideSolutionNode = FALSE
	EndGlobalSection
	GlobalSection(ExtensibilityGlobals) = postSolution
		SolutionGuid = {49786BB1-7047-40B0-B1A4-316546889F25}
	EndGlobalSection
EndGlobal
